
Microsoft Visual Studio Solution File, Format Version 12.00
# Visual Studio Version 16
VisualStudioVersion = 16.0.28729.10
MinimumVisualStudioVersion = 10.0.40219.1
Project("{8BC9CEB8-8B4A-11D0-8D11-00A0C91BC942}") = "FourAndFiveLesson", "FourLesson\FourLesson.vcxproj", "{BD32EB2A-0E31-4B3C-AC5F-DD7FB617BD70}"
EndProject
Project("{8BC9CEB8-8B4A-11D0-8D11-00A0C91BC942}") = "Homeworks", "Homeworks\Homeworks.vcxproj", "{C39F0B59-E2ED-4A21-B88C-96FA7A9F3E7C}"
EndProject
Project("{8BC9CEB8-8B4A-11D0-8D11-00A0C91BC942}") = "SixLesson", "SixLesson\SixLesson.vcxproj", "{43C57AC0-8E50-48DA-8443-37E369905408}"
EndProject
Project("{8BC9CEB8-8B4A-11D0-8D11-00A0C91BC942}") = "SevenLesson", "SevenLesson\SevenLesson.vcxproj", "{57CEA9C6-BF06-4BA7-8B9D-7AB1E9723D9F}"
EndProject
Project("{8BC9CEB8-8B4A-11D0-8D11-00A0C91BC942}") = "EightToTenLessons", "EightLesson\EightLesson.vcxproj", "{605E8875-15A8-4D0D-9391-71CE536F763A}"
EndProject
Project("{8BC9CEB8-8B4A-11D0-8D11-00A0C91BC942}") = "ElevenLesson", "ElevenLesson\ElevenLesson.vcxproj", "{57E443E0-B4C4-4A55-B260-9CB6DBFA94CA}"
EndProject
Project("{8BC9CEB8-8B4A-11D0-8D11-00A0C91BC942}") = "TwelveLesson", "TwelveLesson\TwelveLesson.vcxproj", "{F54006E1-A2BA-42DA-98F6-883C1826A2A0}"
EndProject
Project("{8BC9CEB8-8B4A-11D0-8D11-00A0C91BC942}") = "ThirteenLesson", "ThirteenLesson\ThirteenLesson.vcxproj", "{E6A6B783-4BD5-43E0-AAD9-8C6CBBE156F2}"
EndProject
Project("{8BC9CEB8-8B4A-11D0-8D11-00A0C91BC942}") = "ForteenLesson", "ForteenLesson\ForteenLesson.vcxproj", "{3FD66238-F9D0-40A5-B0E8-92C957204A6B}"
EndProject
Project("{8BC9CEB8-8B4A-11D0-8D11-00A0C91BC942}") = "Lessons", "Lessons\Lessons.vcxproj", "{1183CCCF-56E0-4CD7-8D6D-62EF29DAB6CE}"
EndProject
Global
	GlobalSection(SolutionConfigurationPlatforms) = preSolution
		Debug|x64 = Debug|x64
		Debug|x86 = Debug|x86
		Release|x64 = Release|x64
		Release|x86 = Release|x86
	EndGlobalSection
	GlobalSection(ProjectConfigurationPlatforms) = postSolution
		{BD32EB2A-0E31-4B3C-AC5F-DD7FB617BD70}.Debug|x64.ActiveCfg = Debug|x64
		{BD32EB2A-0E31-4B3C-AC5F-DD7FB617BD70}.Debug|x64.Build.0 = Debug|x64
		{BD32EB2A-0E31-4B3C-AC5F-DD7FB617BD70}.Debug|x86.ActiveCfg = Debug|Win32
		{BD32EB2A-0E31-4B3C-AC5F-DD7FB617BD70}.Debug|x86.Build.0 = Debug|Win32
		{BD32EB2A-0E31-4B3C-AC5F-DD7FB617BD70}.Release|x64.ActiveCfg = Release|x64
		{BD32EB2A-0E31-4B3C-AC5F-DD7FB617BD70}.Release|x64.Build.0 = Release|x64
		{BD32EB2A-0E31-4B3C-AC5F-DD7FB617BD70}.Release|x86.ActiveCfg = Release|Win32
		{BD32EB2A-0E31-4B3C-AC5F-DD7FB617BD70}.Release|x86.Build.0 = Release|Win32
		{C39F0B59-E2ED-4A21-B88C-96FA7A9F3E7C}.Debug|x64.ActiveCfg = Debug|x64
		{C39F0B59-E2ED-4A21-B88C-96FA7A9F3E7C}.Debug|x64.Build.0 = Debug|x64
		{C39F0B59-E2ED-4A21-B88C-96FA7A9F3E7C}.Debug|x86.ActiveCfg = Debug|Win32
		{C39F0B59-E2ED-4A21-B88C-96FA7A9F3E7C}.Debug|x86.Build.0 = Debug|Win32
		{C39F0B59-E2ED-4A21-B88C-96FA7A9F3E7C}.Release|x64.ActiveCfg = Release|x64
		{C39F0B59-E2ED-4A21-B88C-96FA7A9F3E7C}.Release|x64.Build.0 = Release|x64
		{C39F0B59-E2ED-4A21-B88C-96FA7A9F3E7C}.Release|x86.ActiveCfg = Release|Win32
		{C39F0B59-E2ED-4A21-B88C-96FA7A9F3E7C}.Release|x86.Build.0 = Release|Win32
		{43C57AC0-8E50-48DA-8443-37E369905408}.Debug|x64.ActiveCfg = Debug|x64
		{43C57AC0-8E50-48DA-8443-37E369905408}.Debug|x64.Build.0 = Debug|x64
		{43C57AC0-8E50-48DA-8443-37E369905408}.Debug|x86.ActiveCfg = Debug|Win32
		{43C57AC0-8E50-48DA-8443-37E369905408}.Debug|x86.Build.0 = Debug|Win32
		{43C57AC0-8E50-48DA-8443-37E369905408}.Release|x64.ActiveCfg = Release|x64
		{43C57AC0-8E50-48DA-8443-37E369905408}.Release|x64.Build.0 = Release|x64
		{43C57AC0-8E50-48DA-8443-37E369905408}.Release|x86.ActiveCfg = Release|Win32
		{43C57AC0-8E50-48DA-8443-37E369905408}.Release|x86.Build.0 = Release|Win32
		{57CEA9C6-BF06-4BA7-8B9D-7AB1E9723D9F}.Debug|x64.ActiveCfg = Debug|x64
		{57CEA9C6-BF06-4BA7-8B9D-7AB1E9723D9F}.Debug|x64.Build.0 = Debug|x64
		{57CEA9C6-BF06-4BA7-8B9D-7AB1E9723D9F}.Debug|x86.ActiveCfg = Debug|Win32
		{57CEA9C6-BF06-4BA7-8B9D-7AB1E9723D9F}.Debug|x86.Build.0 = Debug|Win32
		{57CEA9C6-BF06-4BA7-8B9D-7AB1E9723D9F}.Release|x64.ActiveCfg = Release|x64
		{57CEA9C6-BF06-4BA7-8B9D-7AB1E9723D9F}.Release|x64.Build.0 = Release|x64
		{57CEA9C6-BF06-4BA7-8B9D-7AB1E9723D9F}.Release|x86.ActiveCfg = Release|Win32
		{57CEA9C6-BF06-4BA7-8B9D-7AB1E9723D9F}.Release|x86.Build.0 = Release|Win32
		{605E8875-15A8-4D0D-9391-71CE536F763A}.Debug|x64.ActiveCfg = Debug|x64
		{605E8875-15A8-4D0D-9391-71CE536F763A}.Debug|x64.Build.0 = Debug|x64
		{605E8875-15A8-4D0D-9391-71CE536F763A}.Debug|x86.ActiveCfg = Debug|Win32
		{605E8875-15A8-4D0D-9391-71CE536F763A}.Debug|x86.Build.0 = Debug|Win32
		{605E8875-15A8-4D0D-9391-71CE536F763A}.Release|x64.ActiveCfg = Release|x64
		{605E8875-15A8-4D0D-9391-71CE536F763A}.Release|x64.Build.0 = Release|x64
		{605E8875-15A8-4D0D-9391-71CE536F763A}.Release|x86.ActiveCfg = Release|Win32
		{605E8875-15A8-4D0D-9391-71CE536F763A}.Release|x86.Build.0 = Release|Win32
		{57E443E0-B4C4-4A55-B260-9CB6DBFA94CA}.Debug|x64.ActiveCfg = Debug|x64
		{57E443E0-B4C4-4A55-B260-9CB6DBFA94CA}.Debug|x64.Build.0 = Debug|x64
		{57E443E0-B4C4-4A55-B260-9CB6DBFA94CA}.Debug|x86.ActiveCfg = Debug|Win32
		{57E443E0-B4C4-4A55-B260-9CB6DBFA94CA}.Debug|x86.Build.0 = Debug|Win32
		{57E443E0-B4C4-4A55-B260-9CB6DBFA94CA}.Release|x64.ActiveCfg = Release|x64
		{57E443E0-B4C4-4A55-B260-9CB6DBFA94CA}.Release|x64.Build.0 = Release|x64
		{57E443E0-B4C4-4A55-B260-9CB6DBFA94CA}.Release|x86.ActiveCfg = Release|Win32
		{57E443E0-B4C4-4A55-B260-9CB6DBFA94CA}.Release|x86.Build.0 = Release|Win32
		{F54006E1-A2BA-42DA-98F6-883C1826A2A0}.Debug|x64.ActiveCfg = Debug|x64
		{F54006E1-A2BA-42DA-98F6-883C1826A2A0}.Debug|x64.Build.0 = Debug|x64
		{F54006E1-A2BA-42DA-98F6-883C1826A2A0}.Debug|x86.ActiveCfg = Debug|Win32
		{F54006E1-A2BA-42DA-98F6-883C1826A2A0}.Debug|x86.Build.0 = Debug|Win32
		{F54006E1-A2BA-42DA-98F6-883C1826A2A0}.Release|x64.ActiveCfg = Release|x64
		{F54006E1-A2BA-42DA-98F6-883C1826A2A0}.Release|x64.Build.0 = Release|x64
		{F54006E1-A2BA-42DA-98F6-883C1826A2A0}.Release|x86.ActiveCfg = Release|Win32
		{F54006E1-A2BA-42DA-98F6-883C1826A2A0}.Release|x86.Build.0 = Release|Win32
		{E6A6B783-4BD5-43E0-AAD9-8C6CBBE156F2}.Debug|x64.ActiveCfg = Debug|x64
		{E6A6B783-4BD5-43E0-AAD9-8C6CBBE156F2}.Debug|x64.Build.0 = Debug|x64
		{E6A6B783-4BD5-43E0-AAD9-8C6CBBE156F2}.Debug|x86.ActiveCfg = Debug|Win32
		{E6A6B783-4BD5-43E0-AAD9-8C6CBBE156F2}.Debug|x86.Build.0 = Debug|Win32
		{E6A6B783-4BD5-43E0-AAD9-8C6CBBE156F2}.Release|x64.ActiveCfg = Release|x64
		{E6A6B783-4BD5-43E0-AAD9-8C6CBBE156F2}.Release|x64.Build.0 = Release|x64
		{E6A6B783-4BD5-43E0-AAD9-8C6CBBE156F2}.Release|x86.ActiveCfg = Release|Win32
		{E6A6B783-4BD5-43E0-AAD9-8C6CBBE156F2}.Release|x86.Build.0 = Release|Win32
		{3FD66238-F9D0-40A5-B0E8-92C957204A6B}.Debug|x64.ActiveCfg = Debug|x64
		{3FD66238-F9D0-40A5-B0E8-92C957204A6B}.Debug|x64.Build.0 = Debug|x64
		{3FD66238-F9D0-40A5-B0E8-92C957204A6B}.Debug|x86.ActiveCfg = Debug|Win32
		{3FD66238-F9D0-40A5-B0E8-92C957204A6B}.Debug|x86.Build.0 = Debug|Win32
		{3FD66238-F9D0-40A5-B0E8-92C957204A6B}.Release|x64.ActiveCfg = Release|x64
		{3FD66238-F9D0-40A5-B0E8-92C957204A6B}.Release|x64.Build.0 = Release|x64
		{3FD66238-F9D0-40A5-B0E8-92C957204A6B}.Release|x86.ActiveCfg = Release|Win32
		{3FD66238-F9D0-40A5-B0E8-92C957204A6B}.Release|x86.Build.0 = Release|Win32
		{1183CCCF-56E0-4CD7-8D6D-62EF29DAB6CE}.Debug|x64.ActiveCfg = Debug|x64
		{1183CCCF-56E0-4CD7-8D6D-62EF29DAB6CE}.Debug|x64.Build.0 = Debug|x64
		{1183CCCF-56E0-4CD7-8D6D-62EF29DAB6CE}.Debug|x86.ActiveCfg = Debug|Win32
		{1183CCCF-56E0-4CD7-8D6D-62EF29DAB6CE}.Debug|x86.Build.0 = Debug|Win32
		{1183CCCF-56E0-4CD7-8D6D-62EF29DAB6CE}.Release|x64.ActiveCfg = Release|x64
		{1183CCCF-56E0-4CD7-8D6D-62EF29DAB6CE}.Release|x64.Build.0 = Release|x64
		{1183CCCF-56E0-4CD7-8D6D-62EF29DAB6CE}.Release|x86.ActiveCfg = Release|Win32
		{1183CCCF-56E0-4CD7-8D6D-62EF29DAB6CE}.Release|x86.Build.0 = Release|Win32
	EndGlobalSection
	GlobalSection(SolutionProperties) = preSolution
		HideSolutionNode = FALSE
	EndGlobalSection
	GlobalSection(ExtensibilityGlobals) = postSolution
		SolutionGuid = {AA3EDA06-A381-41A9-AAA2-F9585072484B}
	EndGlobalSection
EndGlobal
