
Microsoft Visual Studio Solution File, Format Version 12.00
# Visual Studio Version 16
VisualStudioVersion = 16.0.29424.173
MinimumVisualStudioVersion = 10.0.40219.1
Project("{FAE04EC0-301F-11D3-BF4B-00C04F79EFBC}") = "GameProject", "Game\GameProject.csproj", "{1FF30B2F-DCC5-47FD-A0CA-D7F413012B7C}"
EndProject
Project("{9A19103F-16F7-4668-BE54-9A1E7A4F7556}") = "ProjectWorkersLibrary", "ProjectWorkersLibrary\ProjectWorkersLibrary.csproj", "{B85897E5-3B54-4715-81E6-AA3043B262D0}"
EndProject
Project("{FAE04EC0-301F-11D3-BF4B-00C04F79EFBC}") = "ProjectWorkersConsole", "ProjectWorkersConsole\ProjectWorkersConsole.csproj", "{72D299BA-8C21-4404-AAC2-C92A2FA3A5D4}"
EndProject
Global
	GlobalSection(SolutionConfigurationPlatforms) = preSolution
		Debug|Any CPU = Debug|Any CPU
		Release|Any CPU = Release|Any CPU
	EndGlobalSection
	GlobalSection(ProjectConfigurationPlatforms) = postSolution
		{1FF30B2F-DCC5-47FD-A0CA-D7F413012B7C}.Debug|Any CPU.ActiveCfg = Debug|Any CPU
		{1FF30B2F-DCC5-47FD-A0CA-D7F413012B7C}.Debug|Any CPU.Build.0 = Debug|Any CPU
		{1FF30B2F-DCC5-47FD-A0CA-D7F413012B7C}.Release|Any CPU.ActiveCfg = Release|Any CPU
		{1FF30B2F-DCC5-47FD-A0CA-D7F413012B7C}.Release|Any CPU.Build.0 = Release|Any CPU
		{B85897E5-3B54-4715-81E6-AA3043B262D0}.Debug|Any CPU.ActiveCfg = Debug|Any CPU
		{B85897E5-3B54-4715-81E6-AA3043B262D0}.Debug|Any CPU.Build.0 = Debug|Any CPU
		{B85897E5-3B54-4715-81E6-AA3043B262D0}.Release|Any CPU.ActiveCfg = Release|Any CPU
		{B85897E5-3B54-4715-81E6-AA3043B262D0}.Release|Any CPU.Build.0 = Release|Any CPU
		{72D299BA-8C21-4404-AAC2-C92A2FA3A5D4}.Debug|Any CPU.ActiveCfg = Debug|Any CPU
		{72D299BA-8C21-4404-AAC2-C92A2FA3A5D4}.Debug|Any CPU.Build.0 = Debug|Any CPU
		{72D299BA-8C21-4404-AAC2-C92A2FA3A5D4}.Release|Any CPU.ActiveCfg = Release|Any CPU
		{72D299BA-8C21-4404-AAC2-C92A2FA3A5D4}.Release|Any CPU.Build.0 = Release|Any CPU
	EndGlobalSection
	GlobalSection(SolutionProperties) = preSolution
		HideSolutionNode = FALSE
	EndGlobalSection
	GlobalSection(ExtensibilityGlobals) = postSolution
		SolutionGuid = {E0C620A5-1B47-491B-88FB-26D864B9E91B}
	EndGlobalSection
EndGlobal
