
Microsoft Visual Studio Solution File, Format Version 12.00
# Visual Studio Version 16
VisualStudioVersion = 16.0.29519.181
MinimumVisualStudioVersion = 10.0.40219.1
Project("{2150E333-8FDC-42A3-9474-1A3956D46DE8}") = "Solution Items", "Solution Items", "{3D6904C6-A698-458F-AE2C-6EFEA8F80D71}"
	ProjectSection(SolutionItems) = preProject
		Tasks.txt = Tasks.txt
	EndProjectSection
EndProject
Project("{2150E333-8FDC-42A3-9474-1A3956D46DE8}") = "LessonsWPFApp", "LessonsWPFApp", "{F6B34E8B-8C86-4119-A7F8-496D7E25E55D}"
EndProject
Project("{FAE04EC0-301F-11D3-BF4B-00C04F79EFBC}") = "WpfTestMailSender", "WpfTestMailSender\WpfTestMailSender.csproj", "{FEEFC1AF-16A6-4818-885A-F28CB76435A8}"
EndProject
Project("{FAE04EC0-301F-11D3-BF4B-00C04F79EFBC}") = "CodePasswordDLL", "CodePasswordDLL\CodePasswordDLL.csproj", "{8D903CE9-4D92-4C14-935D-FBAD374EB802}"
EndProject
Project("{FAE04EC0-301F-11D3-BF4B-00C04F79EFBC}") = "TabSwitcher", "TabSwitcher\TabSwitcher.csproj", "{05D7AEAC-E9C8-4FC9-A08B-7B7CC2843067}"
EndProject
Project("{FAE04EC0-301F-11D3-BF4B-00C04F79EFBC}") = "EmailSendDLL", "EmailSendDLL\EmailSendDLL.csproj", "{047D6EE8-A532-423C-87CC-D0CD11B86A0F}"
EndProject
Project("{2150E333-8FDC-42A3-9474-1A3956D46DE8}") = "MailSenderProject", "MailSenderProject", "{97A47E17-F7CD-44D8-84D4-6DB67CD61513}"
EndProject
Project("{FAE04EC0-301F-11D3-BF4B-00C04F79EFBC}") = "MailSender", "MailSenderProject\MailSender\MailSender.csproj", "{ACCD59E7-A4CC-4BB4-8C75-300C96BFCE27}"
EndProject
Project("{FAE04EC0-301F-11D3-BF4B-00C04F79EFBC}") = "MyControlsLibrary", "MailSenderProject\MyControlsLibrary\MyControlsLibrary.csproj", "{84D31863-4696-467A-908E-48B530DB6A06}"
EndProject
Project("{FAE04EC0-301F-11D3-BF4B-00C04F79EFBC}") = "CodePasswordDLL.Tests", "CodePasswordDLL.Tests\CodePasswordDLL.Tests.csproj", "{640F4BD2-FC4D-4E6A-87A1-13204CF493C3}"
EndProject
Project("{FAE04EC0-301F-11D3-BF4B-00C04F79EFBC}") = "WpfTestMailSenderTests", "WpfTestMailSenderTests\WpfTestMailSenderTests.csproj", "{68878A09-A4B9-4946-A528-A7DB88CD71E6}"
EndProject
Project("{2150E333-8FDC-42A3-9474-1A3956D46DE8}") = "Tests", "Tests", "{DBCAE297-E79B-4DD1-9C1B-600E70618E5F}"
EndProject
Project("{2150E333-8FDC-42A3-9474-1A3956D46DE8}") = "Libraries", "Libraries", "{51F703E4-67BC-41A0-A03D-E3A6CAEC0E06}"
EndProject
Project("{FAE04EC0-301F-11D3-BF4B-00C04F79EFBC}") = "ThreadTestApp", "ThreadTestApp\ThreadTestApp.csproj", "{7D5CC876-38F3-4E4F-9FFC-5AEE30704C5E}"
EndProject
Project("{FAE04EC0-301F-11D3-BF4B-00C04F79EFBC}") = "Common", "Common\Common.csproj", "{3FA80486-E77A-4095-857B-FAF84B4EC153}"
EndProject
Project("{2150E333-8FDC-42A3-9474-1A3956D46DE8}") = "Lesson7", "Lesson7", "{59AF9A22-B89D-4FDA-AFF1-DDB710F273F9}"
EndProject
Project("{FAE04EC0-301F-11D3-BF4B-00C04F79EFBC}") = "CinemaManager", "CinemaManager\CinemaManager.csproj", "{489AAD31-3AC5-42BB-9991-1B87D9DA23C7}"
EndProject
Project("{FAE04EC0-301F-11D3-BF4B-00C04F79EFBC}") = "CSVTransferToDB", "CSVTransferToDB\CSVTransferToDB.csproj", "{2DECE974-A442-488E-B209-DF228FCDD6DF}"
EndProject
Global
	GlobalSection(SolutionConfigurationPlatforms) = preSolution
		Debug|Any CPU = Debug|Any CPU
		Release|Any CPU = Release|Any CPU
	EndGlobalSection
	GlobalSection(ProjectConfigurationPlatforms) = postSolution
		{FEEFC1AF-16A6-4818-885A-F28CB76435A8}.Debug|Any CPU.ActiveCfg = Debug|Any CPU
		{FEEFC1AF-16A6-4818-885A-F28CB76435A8}.Debug|Any CPU.Build.0 = Debug|Any CPU
		{FEEFC1AF-16A6-4818-885A-F28CB76435A8}.Release|Any CPU.ActiveCfg = Release|Any CPU
		{FEEFC1AF-16A6-4818-885A-F28CB76435A8}.Release|Any CPU.Build.0 = Release|Any CPU
		{8D903CE9-4D92-4C14-935D-FBAD374EB802}.Debug|Any CPU.ActiveCfg = Debug|Any CPU
		{8D903CE9-4D92-4C14-935D-FBAD374EB802}.Debug|Any CPU.Build.0 = Debug|Any CPU
		{8D903CE9-4D92-4C14-935D-FBAD374EB802}.Release|Any CPU.ActiveCfg = Release|Any CPU
		{8D903CE9-4D92-4C14-935D-FBAD374EB802}.Release|Any CPU.Build.0 = Release|Any CPU
		{05D7AEAC-E9C8-4FC9-A08B-7B7CC2843067}.Debug|Any CPU.ActiveCfg = Debug|Any CPU
		{05D7AEAC-E9C8-4FC9-A08B-7B7CC2843067}.Debug|Any CPU.Build.0 = Debug|Any CPU
		{05D7AEAC-E9C8-4FC9-A08B-7B7CC2843067}.Release|Any CPU.ActiveCfg = Release|Any CPU
		{05D7AEAC-E9C8-4FC9-A08B-7B7CC2843067}.Release|Any CPU.Build.0 = Release|Any CPU
		{047D6EE8-A532-423C-87CC-D0CD11B86A0F}.Debug|Any CPU.ActiveCfg = Debug|Any CPU
		{047D6EE8-A532-423C-87CC-D0CD11B86A0F}.Debug|Any CPU.Build.0 = Debug|Any CPU
		{047D6EE8-A532-423C-87CC-D0CD11B86A0F}.Release|Any CPU.ActiveCfg = Release|Any CPU
		{047D6EE8-A532-423C-87CC-D0CD11B86A0F}.Release|Any CPU.Build.0 = Release|Any CPU
		{ACCD59E7-A4CC-4BB4-8C75-300C96BFCE27}.Debug|Any CPU.ActiveCfg = Debug|Any CPU
		{ACCD59E7-A4CC-4BB4-8C75-300C96BFCE27}.Debug|Any CPU.Build.0 = Debug|Any CPU
		{ACCD59E7-A4CC-4BB4-8C75-300C96BFCE27}.Release|Any CPU.ActiveCfg = Release|Any CPU
		{ACCD59E7-A4CC-4BB4-8C75-300C96BFCE27}.Release|Any CPU.Build.0 = Release|Any CPU
		{84D31863-4696-467A-908E-48B530DB6A06}.Debug|Any CPU.ActiveCfg = Debug|Any CPU
		{84D31863-4696-467A-908E-48B530DB6A06}.Debug|Any CPU.Build.0 = Debug|Any CPU
		{84D31863-4696-467A-908E-48B530DB6A06}.Release|Any CPU.ActiveCfg = Release|Any CPU
		{84D31863-4696-467A-908E-48B530DB6A06}.Release|Any CPU.Build.0 = Release|Any CPU
		{640F4BD2-FC4D-4E6A-87A1-13204CF493C3}.Debug|Any CPU.ActiveCfg = Debug|Any CPU
		{640F4BD2-FC4D-4E6A-87A1-13204CF493C3}.Debug|Any CPU.Build.0 = Debug|Any CPU
		{640F4BD2-FC4D-4E6A-87A1-13204CF493C3}.Release|Any CPU.ActiveCfg = Release|Any CPU
		{640F4BD2-FC4D-4E6A-87A1-13204CF493C3}.Release|Any CPU.Build.0 = Release|Any CPU
		{68878A09-A4B9-4946-A528-A7DB88CD71E6}.Debug|Any CPU.ActiveCfg = Debug|Any CPU
		{68878A09-A4B9-4946-A528-A7DB88CD71E6}.Debug|Any CPU.Build.0 = Debug|Any CPU
		{68878A09-A4B9-4946-A528-A7DB88CD71E6}.Release|Any CPU.ActiveCfg = Release|Any CPU
		{68878A09-A4B9-4946-A528-A7DB88CD71E6}.Release|Any CPU.Build.0 = Release|Any CPU
		{7D5CC876-38F3-4E4F-9FFC-5AEE30704C5E}.Debug|Any CPU.ActiveCfg = Debug|Any CPU
		{7D5CC876-38F3-4E4F-9FFC-5AEE30704C5E}.Debug|Any CPU.Build.0 = Debug|Any CPU
		{7D5CC876-38F3-4E4F-9FFC-5AEE30704C5E}.Release|Any CPU.ActiveCfg = Release|Any CPU
		{7D5CC876-38F3-4E4F-9FFC-5AEE30704C5E}.Release|Any CPU.Build.0 = Release|Any CPU
		{3FA80486-E77A-4095-857B-FAF84B4EC153}.Debug|Any CPU.ActiveCfg = Debug|Any CPU
		{3FA80486-E77A-4095-857B-FAF84B4EC153}.Debug|Any CPU.Build.0 = Debug|Any CPU
		{3FA80486-E77A-4095-857B-FAF84B4EC153}.Release|Any CPU.ActiveCfg = Release|Any CPU
		{3FA80486-E77A-4095-857B-FAF84B4EC153}.Release|Any CPU.Build.0 = Release|Any CPU
		{489AAD31-3AC5-42BB-9991-1B87D9DA23C7}.Debug|Any CPU.ActiveCfg = Debug|Any CPU
		{489AAD31-3AC5-42BB-9991-1B87D9DA23C7}.Debug|Any CPU.Build.0 = Debug|Any CPU
		{489AAD31-3AC5-42BB-9991-1B87D9DA23C7}.Release|Any CPU.ActiveCfg = Release|Any CPU
		{489AAD31-3AC5-42BB-9991-1B87D9DA23C7}.Release|Any CPU.Build.0 = Release|Any CPU
		{2DECE974-A442-488E-B209-DF228FCDD6DF}.Debug|Any CPU.ActiveCfg = Debug|Any CPU
		{2DECE974-A442-488E-B209-DF228FCDD6DF}.Debug|Any CPU.Build.0 = Debug|Any CPU
		{2DECE974-A442-488E-B209-DF228FCDD6DF}.Release|Any CPU.ActiveCfg = Release|Any CPU
		{2DECE974-A442-488E-B209-DF228FCDD6DF}.Release|Any CPU.Build.0 = Release|Any CPU
	EndGlobalSection
	GlobalSection(SolutionProperties) = preSolution
		HideSolutionNode = FALSE
	EndGlobalSection
	GlobalSection(NestedProjects) = preSolution
		{FEEFC1AF-16A6-4818-885A-F28CB76435A8} = {F6B34E8B-8C86-4119-A7F8-496D7E25E55D}
		{8D903CE9-4D92-4C14-935D-FBAD374EB802} = {51F703E4-67BC-41A0-A03D-E3A6CAEC0E06}
		{05D7AEAC-E9C8-4FC9-A08B-7B7CC2843067} = {51F703E4-67BC-41A0-A03D-E3A6CAEC0E06}
		{047D6EE8-A532-423C-87CC-D0CD11B86A0F} = {51F703E4-67BC-41A0-A03D-E3A6CAEC0E06}
		{ACCD59E7-A4CC-4BB4-8C75-300C96BFCE27} = {97A47E17-F7CD-44D8-84D4-6DB67CD61513}
		{84D31863-4696-467A-908E-48B530DB6A06} = {97A47E17-F7CD-44D8-84D4-6DB67CD61513}
		{640F4BD2-FC4D-4E6A-87A1-13204CF493C3} = {DBCAE297-E79B-4DD1-9C1B-600E70618E5F}
		{68878A09-A4B9-4946-A528-A7DB88CD71E6} = {DBCAE297-E79B-4DD1-9C1B-600E70618E5F}
		{DBCAE297-E79B-4DD1-9C1B-600E70618E5F} = {F6B34E8B-8C86-4119-A7F8-496D7E25E55D}
		{51F703E4-67BC-41A0-A03D-E3A6CAEC0E06} = {F6B34E8B-8C86-4119-A7F8-496D7E25E55D}
		{3FA80486-E77A-4095-857B-FAF84B4EC153} = {51F703E4-67BC-41A0-A03D-E3A6CAEC0E06}
		{489AAD31-3AC5-42BB-9991-1B87D9DA23C7} = {59AF9A22-B89D-4FDA-AFF1-DDB710F273F9}
		{2DECE974-A442-488E-B209-DF228FCDD6DF} = {59AF9A22-B89D-4FDA-AFF1-DDB710F273F9}
	EndGlobalSection
	GlobalSection(ExtensibilityGlobals) = postSolution
		SolutionGuid = {484D3B20-7612-47B3-B9F9-60F0C6500004}
	EndGlobalSection
EndGlobal
