
Microsoft Visual Studio Solution File, Format Version 12.00
# Visual Studio Version 16
VisualStudioVersion = 16.0.29123.88
MinimumVisualStudioVersion = 10.0.40219.1
Project("{FAE04EC0-301F-11D3-BF4B-00C04F79EFBC}") = "HomeWork1Console", "HomeWork1Console\HomeWork1Console.csproj", "{E4C0F11D-7619-4508-9B63-067716122AFC}"
EndProject
Project("{FAE04EC0-301F-11D3-BF4B-00C04F79EFBC}") = "HomeWorkLib", "HomeWorkLib\HomeWorkLib.csproj", "{1F065638-23C8-472E-A811-5CBDA749B0C8}"
EndProject
Project("{FAE04EC0-301F-11D3-BF4B-00C04F79EFBC}") = "HomeWork2Console", "HomeWork2Console\HomeWork2Console.csproj", "{06781E56-DA0D-4ABA-BB49-4FC152F063A3}"
EndProject
Project("{FAE04EC0-301F-11D3-BF4B-00C04F79EFBC}") = "HomeWork3Console", "HomeWork3Console\HomeWork3Console.csproj", "{5A660A48-54BB-465F-8C61-C83589983D0D}"
EndProject
Project("{FAE04EC0-301F-11D3-BF4B-00C04F79EFBC}") = "HomeWork4Console", "HomeWork4Console\HomeWork4Console.csproj", "{20A56E7E-6612-434D-BB08-B6D823E0E315}"
EndProject
Project("{FAE04EC0-301F-11D3-BF4B-00C04F79EFBC}") = "HomeWork5Console", "HomeWork5Console\HomeWork5Console.csproj", "{D2E324C9-13E1-4518-99C8-6FCAD949BDE8}"
EndProject
Project("{2150E333-8FDC-42A3-9474-1A3956D46DE8}") = "ConsoleProjects", "ConsoleProjects", "{048FC018-58D4-4883-91D0-CE6EFB5EC0B4}"
EndProject
Global
	GlobalSection(SolutionConfigurationPlatforms) = preSolution
		Debug|Any CPU = Debug|Any CPU
		Release|Any CPU = Release|Any CPU
	EndGlobalSection
	GlobalSection(ProjectConfigurationPlatforms) = postSolution
		{E4C0F11D-7619-4508-9B63-067716122AFC}.Debug|Any CPU.ActiveCfg = Debug|Any CPU
		{E4C0F11D-7619-4508-9B63-067716122AFC}.Debug|Any CPU.Build.0 = Debug|Any CPU
		{E4C0F11D-7619-4508-9B63-067716122AFC}.Release|Any CPU.ActiveCfg = Release|Any CPU
		{E4C0F11D-7619-4508-9B63-067716122AFC}.Release|Any CPU.Build.0 = Release|Any CPU
		{1F065638-23C8-472E-A811-5CBDA749B0C8}.Debug|Any CPU.ActiveCfg = Debug|Any CPU
		{1F065638-23C8-472E-A811-5CBDA749B0C8}.Debug|Any CPU.Build.0 = Debug|Any CPU
		{1F065638-23C8-472E-A811-5CBDA749B0C8}.Release|Any CPU.ActiveCfg = Release|Any CPU
		{1F065638-23C8-472E-A811-5CBDA749B0C8}.Release|Any CPU.Build.0 = Release|Any CPU
		{06781E56-DA0D-4ABA-BB49-4FC152F063A3}.Debug|Any CPU.ActiveCfg = Debug|Any CPU
		{06781E56-DA0D-4ABA-BB49-4FC152F063A3}.Debug|Any CPU.Build.0 = Debug|Any CPU
		{06781E56-DA0D-4ABA-BB49-4FC152F063A3}.Release|Any CPU.ActiveCfg = Release|Any CPU
		{06781E56-DA0D-4ABA-BB49-4FC152F063A3}.Release|Any CPU.Build.0 = Release|Any CPU
		{5A660A48-54BB-465F-8C61-C83589983D0D}.Debug|Any CPU.ActiveCfg = Debug|Any CPU
		{5A660A48-54BB-465F-8C61-C83589983D0D}.Debug|Any CPU.Build.0 = Debug|Any CPU
		{5A660A48-54BB-465F-8C61-C83589983D0D}.Release|Any CPU.ActiveCfg = Release|Any CPU
		{5A660A48-54BB-465F-8C61-C83589983D0D}.Release|Any CPU.Build.0 = Release|Any CPU
		{20A56E7E-6612-434D-BB08-B6D823E0E315}.Debug|Any CPU.ActiveCfg = Debug|Any CPU
		{20A56E7E-6612-434D-BB08-B6D823E0E315}.Debug|Any CPU.Build.0 = Debug|Any CPU
		{20A56E7E-6612-434D-BB08-B6D823E0E315}.Release|Any CPU.ActiveCfg = Release|Any CPU
		{20A56E7E-6612-434D-BB08-B6D823E0E315}.Release|Any CPU.Build.0 = Release|Any CPU
		{D2E324C9-13E1-4518-99C8-6FCAD949BDE8}.Debug|Any CPU.ActiveCfg = Debug|Any CPU
		{D2E324C9-13E1-4518-99C8-6FCAD949BDE8}.Debug|Any CPU.Build.0 = Debug|Any CPU
		{D2E324C9-13E1-4518-99C8-6FCAD949BDE8}.Release|Any CPU.ActiveCfg = Release|Any CPU
		{D2E324C9-13E1-4518-99C8-6FCAD949BDE8}.Release|Any CPU.Build.0 = Release|Any CPU
	EndGlobalSection
	GlobalSection(SolutionProperties) = preSolution
		HideSolutionNode = FALSE
	EndGlobalSection
	GlobalSection(NestedProjects) = preSolution
		{E4C0F11D-7619-4508-9B63-067716122AFC} = {048FC018-58D4-4883-91D0-CE6EFB5EC0B4}
		{06781E56-DA0D-4ABA-BB49-4FC152F063A3} = {048FC018-58D4-4883-91D0-CE6EFB5EC0B4}
		{5A660A48-54BB-465F-8C61-C83589983D0D} = {048FC018-58D4-4883-91D0-CE6EFB5EC0B4}
		{20A56E7E-6612-434D-BB08-B6D823E0E315} = {048FC018-58D4-4883-91D0-CE6EFB5EC0B4}
		{D2E324C9-13E1-4518-99C8-6FCAD949BDE8} = {048FC018-58D4-4883-91D0-CE6EFB5EC0B4}
	EndGlobalSection
	GlobalSection(ExtensibilityGlobals) = postSolution
		SolutionGuid = {EB143B4F-BC1C-4E5D-869C-D5AEBA31E577}
	EndGlobalSection
EndGlobal
